
Microsoft Visual Studio Solution File, Format Version 12.00
# Visual Studio 2012
Project("{FAE04EC0-301F-11D3-BF4B-00C04F79EFBC}") = "Pickles", "Pickles\Pickles.csproj", "{38BAD6E0-78AB-4AC3-91A8-BF72AF5EE394}"
EndProject
Project("{FAE04EC0-301F-11D3-BF4B-00C04F79EFBC}") = "Pickles.Test", "Pickles.Test\Pickles.Test.csproj", "{8BD9FCD2-7ED5-46B5-B6A4-7FA3775E159F}"
EndProject
Project("{2150E333-8FDC-42A3-9474-1A3956D46DE8}") = "Runners", "Runners", "{4E977674-6919-4F15-A6E3-37BFAC18C7E5}"
EndProject
Project("{FAE04EC0-301F-11D3-BF4B-00C04F79EFBC}") = "Pickles.MSBuild", "Pickles.MSBuild\Pickles.MSBuild.csproj", "{67DD16BD-E76B-475E-878C-7F54D9358730}"
EndProject
Project("{FAE04EC0-301F-11D3-BF4B-00C04F79EFBC}") = "Pickles.NAnt", "Pickles.NAnt\Pickles.NAnt.csproj", "{83D5827A-8806-4B9E-9410-73CD2A284E3C}"
EndProject
Project("{FAE04EC0-301F-11D3-BF4B-00C04F79EFBC}") = "Pickles.CommandLine", "Pickles.CommandLine\Pickles.CommandLine.csproj", "{A4EBBB5F-A18D-46D2-9ADE-2B90BD48CEC8}"
EndProject
Project("{FAE04EC0-301F-11D3-BF4B-00C04F79EFBC}") = "Pickles.PowerShell", "Pickles.PowerShell\Pickles.PowerShell.csproj", "{AD9F6DD1-5C76-45C9-9FF9-DAE37DB7B2D4}"
EndProject
Project("{FAE04EC0-301F-11D3-BF4B-00C04F79EFBC}") = "Pickles.UserInterface", "Pickles.UserInterface\Pickles.UserInterface.csproj", "{F3768CCA-00C2-4280-9F8D-4585B5E214B1}"
EndProject
Project("{2150E333-8FDC-42A3-9474-1A3956D46DE8}") = ".nuget", ".nuget", "{FED9F7C2-2800-43DD-B98B-9D50BBBFF91A}"
EndProject
Project("{E24C65DC-7377-472B-9ABA-BC803B73C61A}") = "Pickles.BaseDhtmlFiles", "Pickles.BaseDhtmlFiles\", "{1F17FEE9-0033-42CE-9E91-48D3B2CCD34A}"
	ProjectSection(WebsiteProperties) = preProject
		TargetFrameworkMoniker = ".NETFramework,Version%3Dv4.0"
		Debug.AspNetCompiler.VirtualPath = "/Pickles.BaseDhtmlFiles"
		Debug.AspNetCompiler.PhysicalPath = "Pickles.BaseDhtmlFiles\"
		Debug.AspNetCompiler.TargetPath = "PrecompiledWeb\Pickles.BaseDhtmlFiles\"
		Debug.AspNetCompiler.Updateable = "true"
		Debug.AspNetCompiler.ForceOverwrite = "true"
		Debug.AspNetCompiler.FixedNames = "false"
		Debug.AspNetCompiler.Debug = "True"
		Release.AspNetCompiler.VirtualPath = "/Pickles.BaseDhtmlFiles"
		Release.AspNetCompiler.PhysicalPath = "Pickles.BaseDhtmlFiles\"
		Release.AspNetCompiler.TargetPath = "PrecompiledWeb\Pickles.BaseDhtmlFiles\"
		Release.AspNetCompiler.Updateable = "true"
		Release.AspNetCompiler.ForceOverwrite = "true"
		Release.AspNetCompiler.FixedNames = "false"
		Release.AspNetCompiler.Debug = "False"
		VWDPort = "56755"
	EndProjectSection
EndProject
Global
	GlobalSection(SolutionConfigurationPlatforms) = preSolution
		Debug|Any CPU = Debug|Any CPU
		Release|Any CPU = Release|Any CPU
	EndGlobalSection
	GlobalSection(ProjectConfigurationPlatforms) = postSolution
		{38BAD6E0-78AB-4AC3-91A8-BF72AF5EE394}.Debug|Any CPU.ActiveCfg = Debug|Any CPU
		{38BAD6E0-78AB-4AC3-91A8-BF72AF5EE394}.Debug|Any CPU.Build.0 = Debug|Any CPU
		{38BAD6E0-78AB-4AC3-91A8-BF72AF5EE394}.Release|Any CPU.ActiveCfg = Release|Any CPU
		{38BAD6E0-78AB-4AC3-91A8-BF72AF5EE394}.Release|Any CPU.Build.0 = Release|Any CPU
		{8BD9FCD2-7ED5-46B5-B6A4-7FA3775E159F}.Debug|Any CPU.ActiveCfg = Debug|Any CPU
		{8BD9FCD2-7ED5-46B5-B6A4-7FA3775E159F}.Debug|Any CPU.Build.0 = Debug|Any CPU
		{8BD9FCD2-7ED5-46B5-B6A4-7FA3775E159F}.Release|Any CPU.ActiveCfg = Release|Any CPU
		{8BD9FCD2-7ED5-46B5-B6A4-7FA3775E159F}.Release|Any CPU.Build.0 = Release|Any CPU
		{67DD16BD-E76B-475E-878C-7F54D9358730}.Debug|Any CPU.ActiveCfg = Debug|Any CPU
		{67DD16BD-E76B-475E-878C-7F54D9358730}.Debug|Any CPU.Build.0 = Debug|Any CPU
		{67DD16BD-E76B-475E-878C-7F54D9358730}.Release|Any CPU.ActiveCfg = Release|Any CPU
		{67DD16BD-E76B-475E-878C-7F54D9358730}.Release|Any CPU.Build.0 = Release|Any CPU
		{83D5827A-8806-4B9E-9410-73CD2A284E3C}.Debug|Any CPU.ActiveCfg = Debug|Any CPU
		{83D5827A-8806-4B9E-9410-73CD2A284E3C}.Debug|Any CPU.Build.0 = Debug|Any CPU
		{83D5827A-8806-4B9E-9410-73CD2A284E3C}.Release|Any CPU.ActiveCfg = Release|Any CPU
		{83D5827A-8806-4B9E-9410-73CD2A284E3C}.Release|Any CPU.Build.0 = Release|Any CPU
		{A4EBBB5F-A18D-46D2-9ADE-2B90BD48CEC8}.Debug|Any CPU.ActiveCfg = Debug|Any CPU
		{A4EBBB5F-A18D-46D2-9ADE-2B90BD48CEC8}.Debug|Any CPU.Build.0 = Debug|Any CPU
		{A4EBBB5F-A18D-46D2-9ADE-2B90BD48CEC8}.Release|Any CPU.ActiveCfg = Release|Any CPU
		{A4EBBB5F-A18D-46D2-9ADE-2B90BD48CEC8}.Release|Any CPU.Build.0 = Release|Any CPU
		{AD9F6DD1-5C76-45C9-9FF9-DAE37DB7B2D4}.Debug|Any CPU.ActiveCfg = Debug|Any CPU
		{AD9F6DD1-5C76-45C9-9FF9-DAE37DB7B2D4}.Debug|Any CPU.Build.0 = Debug|Any CPU
		{AD9F6DD1-5C76-45C9-9FF9-DAE37DB7B2D4}.Release|Any CPU.ActiveCfg = Release|Any CPU
		{AD9F6DD1-5C76-45C9-9FF9-DAE37DB7B2D4}.Release|Any CPU.Build.0 = Release|Any CPU
		{F3768CCA-00C2-4280-9F8D-4585B5E214B1}.Debug|Any CPU.ActiveCfg = Debug|Any CPU
		{F3768CCA-00C2-4280-9F8D-4585B5E214B1}.Debug|Any CPU.Build.0 = Debug|Any CPU
		{F3768CCA-00C2-4280-9F8D-4585B5E214B1}.Release|Any CPU.ActiveCfg = Release|Any CPU
		{F3768CCA-00C2-4280-9F8D-4585B5E214B1}.Release|Any CPU.Build.0 = Release|Any CPU
		{1F17FEE9-0033-42CE-9E91-48D3B2CCD34A}.Debug|Any CPU.ActiveCfg = Debug|Any CPU
		{1F17FEE9-0033-42CE-9E91-48D3B2CCD34A}.Debug|Any CPU.Build.0 = Debug|Any CPU
		{1F17FEE9-0033-42CE-9E91-48D3B2CCD34A}.Release|Any CPU.ActiveCfg = Debug|Any CPU
		{1F17FEE9-0033-42CE-9E91-48D3B2CCD34A}.Release|Any CPU.Build.0 = Debug|Any CPU
	EndGlobalSection
	GlobalSection(SolutionProperties) = preSolution
		HideSolutionNode = FALSE
	EndGlobalSection
	GlobalSection(NestedProjects) = preSolution
		{67DD16BD-E76B-475E-878C-7F54D9358730} = {4E977674-6919-4F15-A6E3-37BFAC18C7E5}
		{83D5827A-8806-4B9E-9410-73CD2A284E3C} = {4E977674-6919-4F15-A6E3-37BFAC18C7E5}
		{A4EBBB5F-A18D-46D2-9ADE-2B90BD48CEC8} = {4E977674-6919-4F15-A6E3-37BFAC18C7E5}
		{AD9F6DD1-5C76-45C9-9FF9-DAE37DB7B2D4} = {4E977674-6919-4F15-A6E3-37BFAC18C7E5}
		{F3768CCA-00C2-4280-9F8D-4585B5E214B1} = {4E977674-6919-4F15-A6E3-37BFAC18C7E5}
	EndGlobalSection
	GlobalSection(MonoDevelopProperties) = preSolution
		StartupItem = Pickles.CommandLine\Pickles.CommandLine.csproj
		Policies = $0
		$0.DotNetNamingPolicy = $1
		$1.DirectoryNamespaceAssociation = None
		$1.ResourceNamePolicy = FileFormatDefault
		$0.StandardHeader = $2
		$2.Text = @\n Copyright ${Year}  ${CopyrightHolder}\n\n   Licensed under the Apache License, Version 2.0 (the "License");\n   you may not use this file except in compliance with the License.\n   You may obtain a copy of the License at\n\n       http://www.apache.org/licenses/LICENSE-2.0\n\n   Unless required by applicable law or agreed to in writing, software\n   distributed under the License is distributed on an "AS IS" BASIS,\n   WITHOUT WARRANTIES OR CONDITIONS OF ANY KIND, either express or implied.\n   See the License for the specific language governing permissions and\n   limitations under the License.
		$2.IncludeInNewFiles = True
	EndGlobalSection
EndGlobal
