
Microsoft Visual Studio Solution File, Format Version 12.00
# Visual Studio 14
VisualStudioVersion = 14.0.25420.1
MinimumVisualStudioVersion = 10.0.40219.1
Project("{FAE04EC0-301F-11D3-BF4B-00C04F79EFBC}") = "Pickles", "Pickles\Pickles.csproj", "{38BAD6E0-78AB-4AC3-91A8-BF72AF5EE394}"
	ProjectSection(ProjectDependencies) = postProject
		{BDD5290E-BF98-436B-ADEE-A7479E22A875} = {BDD5290E-BF98-436B-ADEE-A7479E22A875}
		{A875B066-443A-420E-A1F5-7870CFF0A50C} = {A875B066-443A-420E-A1F5-7870CFF0A50C}
		{836020D1-A309-4367-9654-EBB7C3F60D97} = {836020D1-A309-4367-9654-EBB7C3F60D97}
		{2C849AD2-D125-4754-8BBA-7C61FA6251E4} = {2C849AD2-D125-4754-8BBA-7C61FA6251E4}
		{8AC3AAFA-84DD-4437-962B-E6C5D6078E09} = {8AC3AAFA-84DD-4437-962B-E6C5D6078E09}
	EndProjectSection
EndProject
Project("{FAE04EC0-301F-11D3-BF4B-00C04F79EFBC}") = "Pickles.Test", "Pickles.Test\Pickles.Test.csproj", "{8BD9FCD2-7ED5-46B5-B6A4-7FA3775E159F}"
EndProject
Project("{2150E333-8FDC-42A3-9474-1A3956D46DE8}") = "Runners", "Runners", "{4E977674-6919-4F15-A6E3-37BFAC18C7E5}"
EndProject
Project("{FAE04EC0-301F-11D3-BF4B-00C04F79EFBC}") = "Pickles.MSBuild", "Pickles.MSBuild\Pickles.MSBuild.csproj", "{67DD16BD-E76B-475E-878C-7F54D9358730}"
EndProject
Project("{FAE04EC0-301F-11D3-BF4B-00C04F79EFBC}") = "Pickles.CommandLine", "Pickles.CommandLine\Pickles.CommandLine.csproj", "{A4EBBB5F-A18D-46D2-9ADE-2B90BD48CEC8}"
EndProject
Project("{FAE04EC0-301F-11D3-BF4B-00C04F79EFBC}") = "Pickles.PowerShell", "Pickles.PowerShell\Pickles.PowerShell.csproj", "{AD9F6DD1-5C76-45C9-9FF9-DAE37DB7B2D4}"
EndProject
Project("{FAE04EC0-301F-11D3-BF4B-00C04F79EFBC}") = "Pickles.UserInterface", "Pickles.UserInterface\Pickles.UserInterface.csproj", "{F3768CCA-00C2-4280-9F8D-4585B5E214B1}"
EndProject
Project("{E24C65DC-7377-472B-9ABA-BC803B73C61A}") = "Pickles.BaseDhtmlFiles", "Pickles.BaseDhtmlFiles\", "{1F17FEE9-0033-42CE-9E91-48D3B2CCD34A}"
	ProjectSection(WebsiteProperties) = preProject
		TargetFrameworkMoniker = ".NETFramework,Version%3Dv4.5"
		Debug.AspNetCompiler.VirtualPath = "/Pickles.BaseDhtmlFiles"
		Debug.AspNetCompiler.PhysicalPath = "Pickles.BaseDhtmlFiles\"
		Debug.AspNetCompiler.TargetPath = "PrecompiledWeb\Pickles.BaseDhtmlFiles\"
		Debug.AspNetCompiler.Updateable = "true"
		Debug.AspNetCompiler.ForceOverwrite = "true"
		Debug.AspNetCompiler.FixedNames = "false"
		Debug.AspNetCompiler.Debug = "True"
		Release.AspNetCompiler.VirtualPath = "/Pickles.BaseDhtmlFiles"
		Release.AspNetCompiler.PhysicalPath = "Pickles.BaseDhtmlFiles\"
		Release.AspNetCompiler.TargetPath = "PrecompiledWeb\Pickles.BaseDhtmlFiles\"
		Release.AspNetCompiler.Updateable = "true"
		Release.AspNetCompiler.ForceOverwrite = "true"
		Release.AspNetCompiler.FixedNames = "false"
		Release.AspNetCompiler.Debug = "False"
		VWDPort = "52000"
		SlnRelativePath = "Pickles.BaseDhtmlFiles\"
	EndProjectSection
EndProject
Project("{2150E333-8FDC-42A3-9474-1A3956D46DE8}") = ".nuget", ".nuget", "{34E7297F-30A1-4AB6-99A7-16142AD71991}"
	ProjectSection(SolutionItems) = preProject
		.nuget\packages.config = .nuget\packages.config
	EndProjectSection
EndProject
Project("{2150E333-8FDC-42A3-9474-1A3956D46DE8}") = "nuspecs", "nuspecs", "{E1DDC21E-D21E-4B2C-8561-17F630EC8F36}"
EndProject
Project("{2150E333-8FDC-42A3-9474-1A3956D46DE8}") = "nuget", "nuget", "{52414CCC-E080-4FBF-AA3B-7E0117AE3673}"
	ProjectSection(SolutionItems) = preProject
		Pickles.CommandLine\Pickles.CommandLine.nuspec = Pickles.CommandLine\Pickles.CommandLine.nuspec
		Pickles.MSBuild\Pickles.MSBuild.nuspec = Pickles.MSBuild\Pickles.MSBuild.nuspec
		Pickles.PowerShell\Pickles.nuspec = Pickles.PowerShell\Pickles.nuspec
	EndProjectSection
EndProject
Project("{2150E333-8FDC-42A3-9474-1A3956D46DE8}") = "chocolatey", "chocolatey", "{632BD477-03C9-4CC6-8840-6723DE75652E}"
	ProjectSection(SolutionItems) = preProject
		..\..\chocolatey\pickles.nuspec = ..\..\chocolatey\pickles.nuspec
		..\..\chocolatey\picklesui.nuspec = ..\..\chocolatey\picklesui.nuspec
	EndProjectSection
EndProject
Project("{FAE04EC0-301F-11D3-BF4B-00C04F79EFBC}") = "Pickles.TestFrameworks", "Pickles.TestFrameworks\Pickles.TestFrameworks.csproj", "{599BCF0C-8FB4-4727-A902-160C4E7D8FB0}"
EndProject
Project("{FAE04EC0-301F-11D3-BF4B-00C04F79EFBC}") = "Pickles.TestFrameworks.UnitTests", "Pickles.TestFrameworks.UnitTests\Pickles.TestFrameworks.UnitTests.csproj", "{C8BB0382-612C-4ECD-9388-CB996E3493A6}"
EndProject
Project("{FAE04EC0-301F-11D3-BF4B-00C04F79EFBC}") = "Pickles.ObjectModel", "Pickles.ObjectModel\Pickles.ObjectModel.csproj", "{55382AFC-E050-4DF7-AA4F-0ABA71E2E169}"
EndProject
Project("{FAE04EC0-301F-11D3-BF4B-00C04F79EFBC}") = "Pickles.DocumentationBuilders.Word", "Pickles.DocumentationBuilders.Word\Pickles.DocumentationBuilders.Word.csproj", "{BDD5290E-BF98-436B-ADEE-A7479E22A875}"
EndProject
Project("{FAE04EC0-301F-11D3-BF4B-00C04F79EFBC}") = "Pickles.DocumentationBuilders.Excel", "Pickles.DocumentationBuilders.Excel\Pickles.DocumentationBuilders.Excel.csproj", "{A875B066-443A-420E-A1F5-7870CFF0A50C}"
EndProject
Project("{FAE04EC0-301F-11D3-BF4B-00C04F79EFBC}") = "Pickles.DocumentationBuilders.Json", "Pickles.DocumentationBuilders.Json\Pickles.DocumentationBuilders.Json.csproj", "{836020D1-A309-4367-9654-EBB7C3F60D97}"
EndProject
Project("{FAE04EC0-301F-11D3-BF4B-00C04F79EFBC}") = "Pickles.DocumentationBuilders.Html", "Pickles.DocumentationBuilders.Html\Pickles.DocumentationBuilders.Html.csproj", "{2C849AD2-D125-4754-8BBA-7C61FA6251E4}"
EndProject
Project("{FAE04EC0-301F-11D3-BF4B-00C04F79EFBC}") = "Pickles.DocumentationBuilders.Dhtml", "Pickles.DocumentationBuilders.Dhtml\Pickles.DocumentationBuilders.Dhtml.csproj", "{8AC3AAFA-84DD-4437-962B-E6C5D6078E09}"
EndProject
Project("{FAE04EC0-301F-11D3-BF4B-00C04F79EFBC}") = "Pickles.DocumentationBuilders.Dhtml.UnitTests", "Pickles.DocumentationBuilders.Dhtml.UnitTests\Pickles.DocumentationBuilders.Dhtml.UnitTests.csproj", "{C40305BD-2BCE-4E43-8B06-20F48ADD6C49}"
EndProject
Project("{FAE04EC0-301F-11D3-BF4B-00C04F79EFBC}") = "Pickles.DocumentationBuilders.Excel.UnitTests", "Pickles.DocumentationBuilders.Excel.UnitTests\Pickles.DocumentationBuilders.Excel.UnitTests.csproj", "{CDAD56FA-E3CF-4E4A-A5CB-5F43FF4FBCF5}"
EndProject
Project("{FAE04EC0-301F-11D3-BF4B-00C04F79EFBC}") = "Pickles.DocumentationBuilders.Html.UnitTests", "Pickles.DocumentationBuilders.Html.UnitTests\Pickles.DocumentationBuilders.Html.UnitTests.csproj", "{B7CFAD40-9D85-4B4F-AB2C-F0D007083A99}"
EndProject
Project("{FAE04EC0-301F-11D3-BF4B-00C04F79EFBC}") = "Pickles.DocumentationBuilders.Json.UnitTests", "Pickles.DocumentationBuilders.Json.UnitTests\Pickles.DocumentationBuilders.Json.UnitTests.csproj", "{D2432557-EF5A-45A3-A74F-3C59EF08533A}"
EndProject
Project("{FAE04EC0-301F-11D3-BF4B-00C04F79EFBC}") = "Pickles.DocumentationBuilders.Word.UnitTests", "Pickles.DocumentationBuilders.Word.UnitTests\Pickles.DocumentationBuilders.Word.UnitTests.csproj", "{EF6B5E30-B688-4D31-B97C-BCDFA569D1B3}"
EndProject
Project("{FAE04EC0-301F-11D3-BF4B-00C04F79EFBC}") = "Pickles.DocumentationBuilders.Cucumber", "Pickles.DocumentationBuilders.Cucumber\Pickles.DocumentationBuilders.Cucumber.csproj", "{F69AAC03-A2A6-4B3F-A4EF-ACCB145C64AD}"
EndProject
Project("{FAE04EC0-301F-11D3-BF4B-00C04F79EFBC}") = "Pickles.DocumentationBuilders.Cucumber.UnitTests", "Pickles.DocumentationBuilders.Cucumber.UnitTests\Pickles.DocumentationBuilders.Cucumber.UnitTests.csproj", "{4C0CDA28-8C6A-4F14-B2C6-D1873DE66641}"
EndProject
Project("{FAE04EC0-301F-11D3-BF4B-00C04F79EFBC}") = "Pickles.CommandLine.UnitTests", "Pickles.CommandLine.UnitTests\Pickles.CommandLine.UnitTests.csproj", "{C708FB0D-E2E0-4BE4-BB64-4373E4A0C8AA}"
EndProject
Project("{2150E333-8FDC-42A3-9474-1A3956D46DE8}") = "Build Scripts", "Build Scripts", "{59EDA435-AA15-496C-A0B3-82749BB652E2}"
	ProjectSection(SolutionItems) = preProject
		..\..\build.fsx = ..\..\build.fsx
		..\..\chocolatey.fsx = ..\..\chocolatey.fsx
		..\..\nuget.fsx = ..\..\nuget.fsx
		..\..\test.fsx = ..\..\test.fsx
	EndProjectSection
EndProject
Global
	GlobalSection(SolutionConfigurationPlatforms) = preSolution
		Debug|Any CPU = Debug|Any CPU
		Release|Any CPU = Release|Any CPU
	EndGlobalSection
	GlobalSection(ProjectConfigurationPlatforms) = postSolution
		{38BAD6E0-78AB-4AC3-91A8-BF72AF5EE394}.Debug|Any CPU.ActiveCfg = Debug|Any CPU
		{38BAD6E0-78AB-4AC3-91A8-BF72AF5EE394}.Debug|Any CPU.Build.0 = Debug|Any CPU
		{38BAD6E0-78AB-4AC3-91A8-BF72AF5EE394}.Release|Any CPU.ActiveCfg = Release|Any CPU
		{38BAD6E0-78AB-4AC3-91A8-BF72AF5EE394}.Release|Any CPU.Build.0 = Release|Any CPU
		{8BD9FCD2-7ED5-46B5-B6A4-7FA3775E159F}.Debug|Any CPU.ActiveCfg = Debug|Any CPU
		{8BD9FCD2-7ED5-46B5-B6A4-7FA3775E159F}.Debug|Any CPU.Build.0 = Debug|Any CPU
		{8BD9FCD2-7ED5-46B5-B6A4-7FA3775E159F}.Release|Any CPU.ActiveCfg = Release|Any CPU
		{8BD9FCD2-7ED5-46B5-B6A4-7FA3775E159F}.Release|Any CPU.Build.0 = Release|Any CPU
		{67DD16BD-E76B-475E-878C-7F54D9358730}.Debug|Any CPU.ActiveCfg = Debug|Any CPU
		{67DD16BD-E76B-475E-878C-7F54D9358730}.Debug|Any CPU.Build.0 = Debug|Any CPU
		{67DD16BD-E76B-475E-878C-7F54D9358730}.Release|Any CPU.ActiveCfg = Release|Any CPU
		{67DD16BD-E76B-475E-878C-7F54D9358730}.Release|Any CPU.Build.0 = Release|Any CPU
		{A4EBBB5F-A18D-46D2-9ADE-2B90BD48CEC8}.Debug|Any CPU.ActiveCfg = Debug|Any CPU
		{A4EBBB5F-A18D-46D2-9ADE-2B90BD48CEC8}.Debug|Any CPU.Build.0 = Debug|Any CPU
		{A4EBBB5F-A18D-46D2-9ADE-2B90BD48CEC8}.Release|Any CPU.ActiveCfg = Release|Any CPU
		{A4EBBB5F-A18D-46D2-9ADE-2B90BD48CEC8}.Release|Any CPU.Build.0 = Release|Any CPU
		{AD9F6DD1-5C76-45C9-9FF9-DAE37DB7B2D4}.Debug|Any CPU.ActiveCfg = Debug|Any CPU
		{AD9F6DD1-5C76-45C9-9FF9-DAE37DB7B2D4}.Debug|Any CPU.Build.0 = Debug|Any CPU
		{AD9F6DD1-5C76-45C9-9FF9-DAE37DB7B2D4}.Release|Any CPU.ActiveCfg = Release|Any CPU
		{AD9F6DD1-5C76-45C9-9FF9-DAE37DB7B2D4}.Release|Any CPU.Build.0 = Release|Any CPU
		{F3768CCA-00C2-4280-9F8D-4585B5E214B1}.Debug|Any CPU.ActiveCfg = Debug|Any CPU
		{F3768CCA-00C2-4280-9F8D-4585B5E214B1}.Debug|Any CPU.Build.0 = Debug|Any CPU
		{F3768CCA-00C2-4280-9F8D-4585B5E214B1}.Release|Any CPU.ActiveCfg = Release|Any CPU
		{F3768CCA-00C2-4280-9F8D-4585B5E214B1}.Release|Any CPU.Build.0 = Release|Any CPU
		{1F17FEE9-0033-42CE-9E91-48D3B2CCD34A}.Debug|Any CPU.ActiveCfg = Debug|Any CPU
		{1F17FEE9-0033-42CE-9E91-48D3B2CCD34A}.Debug|Any CPU.Build.0 = Debug|Any CPU
		{1F17FEE9-0033-42CE-9E91-48D3B2CCD34A}.Release|Any CPU.ActiveCfg = Debug|Any CPU
		{1F17FEE9-0033-42CE-9E91-48D3B2CCD34A}.Release|Any CPU.Build.0 = Debug|Any CPU
		{599BCF0C-8FB4-4727-A902-160C4E7D8FB0}.Debug|Any CPU.ActiveCfg = Debug|Any CPU
		{599BCF0C-8FB4-4727-A902-160C4E7D8FB0}.Debug|Any CPU.Build.0 = Debug|Any CPU
		{599BCF0C-8FB4-4727-A902-160C4E7D8FB0}.Release|Any CPU.ActiveCfg = Release|Any CPU
		{599BCF0C-8FB4-4727-A902-160C4E7D8FB0}.Release|Any CPU.Build.0 = Release|Any CPU
		{C8BB0382-612C-4ECD-9388-CB996E3493A6}.Debug|Any CPU.ActiveCfg = Debug|Any CPU
		{C8BB0382-612C-4ECD-9388-CB996E3493A6}.Debug|Any CPU.Build.0 = Debug|Any CPU
		{C8BB0382-612C-4ECD-9388-CB996E3493A6}.Release|Any CPU.ActiveCfg = Release|Any CPU
		{C8BB0382-612C-4ECD-9388-CB996E3493A6}.Release|Any CPU.Build.0 = Release|Any CPU
		{55382AFC-E050-4DF7-AA4F-0ABA71E2E169}.Debug|Any CPU.ActiveCfg = Debug|Any CPU
		{55382AFC-E050-4DF7-AA4F-0ABA71E2E169}.Debug|Any CPU.Build.0 = Debug|Any CPU
		{55382AFC-E050-4DF7-AA4F-0ABA71E2E169}.Release|Any CPU.ActiveCfg = Release|Any CPU
		{55382AFC-E050-4DF7-AA4F-0ABA71E2E169}.Release|Any CPU.Build.0 = Release|Any CPU
		{BDD5290E-BF98-436B-ADEE-A7479E22A875}.Debug|Any CPU.ActiveCfg = Debug|Any CPU
		{BDD5290E-BF98-436B-ADEE-A7479E22A875}.Debug|Any CPU.Build.0 = Debug|Any CPU
		{BDD5290E-BF98-436B-ADEE-A7479E22A875}.Release|Any CPU.ActiveCfg = Release|Any CPU
		{BDD5290E-BF98-436B-ADEE-A7479E22A875}.Release|Any CPU.Build.0 = Release|Any CPU
		{A875B066-443A-420E-A1F5-7870CFF0A50C}.Debug|Any CPU.ActiveCfg = Debug|Any CPU
		{A875B066-443A-420E-A1F5-7870CFF0A50C}.Debug|Any CPU.Build.0 = Debug|Any CPU
		{A875B066-443A-420E-A1F5-7870CFF0A50C}.Release|Any CPU.ActiveCfg = Release|Any CPU
		{A875B066-443A-420E-A1F5-7870CFF0A50C}.Release|Any CPU.Build.0 = Release|Any CPU
		{836020D1-A309-4367-9654-EBB7C3F60D97}.Debug|Any CPU.ActiveCfg = Debug|Any CPU
		{836020D1-A309-4367-9654-EBB7C3F60D97}.Debug|Any CPU.Build.0 = Debug|Any CPU
		{836020D1-A309-4367-9654-EBB7C3F60D97}.Release|Any CPU.ActiveCfg = Release|Any CPU
		{836020D1-A309-4367-9654-EBB7C3F60D97}.Release|Any CPU.Build.0 = Release|Any CPU
		{2C849AD2-D125-4754-8BBA-7C61FA6251E4}.Debug|Any CPU.ActiveCfg = Debug|Any CPU
		{2C849AD2-D125-4754-8BBA-7C61FA6251E4}.Debug|Any CPU.Build.0 = Debug|Any CPU
		{2C849AD2-D125-4754-8BBA-7C61FA6251E4}.Release|Any CPU.ActiveCfg = Release|Any CPU
		{2C849AD2-D125-4754-8BBA-7C61FA6251E4}.Release|Any CPU.Build.0 = Release|Any CPU
		{8AC3AAFA-84DD-4437-962B-E6C5D6078E09}.Debug|Any CPU.ActiveCfg = Debug|Any CPU
		{8AC3AAFA-84DD-4437-962B-E6C5D6078E09}.Debug|Any CPU.Build.0 = Debug|Any CPU
		{8AC3AAFA-84DD-4437-962B-E6C5D6078E09}.Release|Any CPU.ActiveCfg = Release|Any CPU
		{8AC3AAFA-84DD-4437-962B-E6C5D6078E09}.Release|Any CPU.Build.0 = Release|Any CPU
		{C40305BD-2BCE-4E43-8B06-20F48ADD6C49}.Debug|Any CPU.ActiveCfg = Debug|Any CPU
		{C40305BD-2BCE-4E43-8B06-20F48ADD6C49}.Debug|Any CPU.Build.0 = Debug|Any CPU
		{C40305BD-2BCE-4E43-8B06-20F48ADD6C49}.Release|Any CPU.ActiveCfg = Release|Any CPU
		{C40305BD-2BCE-4E43-8B06-20F48ADD6C49}.Release|Any CPU.Build.0 = Release|Any CPU
		{CDAD56FA-E3CF-4E4A-A5CB-5F43FF4FBCF5}.Debug|Any CPU.ActiveCfg = Debug|Any CPU
		{CDAD56FA-E3CF-4E4A-A5CB-5F43FF4FBCF5}.Debug|Any CPU.Build.0 = Debug|Any CPU
		{CDAD56FA-E3CF-4E4A-A5CB-5F43FF4FBCF5}.Release|Any CPU.ActiveCfg = Release|Any CPU
		{CDAD56FA-E3CF-4E4A-A5CB-5F43FF4FBCF5}.Release|Any CPU.Build.0 = Release|Any CPU
		{B7CFAD40-9D85-4B4F-AB2C-F0D007083A99}.Debug|Any CPU.ActiveCfg = Debug|Any CPU
		{B7CFAD40-9D85-4B4F-AB2C-F0D007083A99}.Debug|Any CPU.Build.0 = Debug|Any CPU
		{B7CFAD40-9D85-4B4F-AB2C-F0D007083A99}.Release|Any CPU.ActiveCfg = Release|Any CPU
		{B7CFAD40-9D85-4B4F-AB2C-F0D007083A99}.Release|Any CPU.Build.0 = Release|Any CPU
		{D2432557-EF5A-45A3-A74F-3C59EF08533A}.Debug|Any CPU.ActiveCfg = Debug|Any CPU
		{D2432557-EF5A-45A3-A74F-3C59EF08533A}.Debug|Any CPU.Build.0 = Debug|Any CPU
		{D2432557-EF5A-45A3-A74F-3C59EF08533A}.Release|Any CPU.ActiveCfg = Release|Any CPU
		{D2432557-EF5A-45A3-A74F-3C59EF08533A}.Release|Any CPU.Build.0 = Release|Any CPU
		{EF6B5E30-B688-4D31-B97C-BCDFA569D1B3}.Debug|Any CPU.ActiveCfg = Debug|Any CPU
		{EF6B5E30-B688-4D31-B97C-BCDFA569D1B3}.Debug|Any CPU.Build.0 = Debug|Any CPU
		{EF6B5E30-B688-4D31-B97C-BCDFA569D1B3}.Release|Any CPU.ActiveCfg = Release|Any CPU
		{EF6B5E30-B688-4D31-B97C-BCDFA569D1B3}.Release|Any CPU.Build.0 = Release|Any CPU
		{F69AAC03-A2A6-4B3F-A4EF-ACCB145C64AD}.Debug|Any CPU.ActiveCfg = Debug|Any CPU
		{F69AAC03-A2A6-4B3F-A4EF-ACCB145C64AD}.Debug|Any CPU.Build.0 = Debug|Any CPU
		{F69AAC03-A2A6-4B3F-A4EF-ACCB145C64AD}.Release|Any CPU.ActiveCfg = Release|Any CPU
		{F69AAC03-A2A6-4B3F-A4EF-ACCB145C64AD}.Release|Any CPU.Build.0 = Release|Any CPU
		{4C0CDA28-8C6A-4F14-B2C6-D1873DE66641}.Debug|Any CPU.ActiveCfg = Debug|Any CPU
		{4C0CDA28-8C6A-4F14-B2C6-D1873DE66641}.Debug|Any CPU.Build.0 = Debug|Any CPU
		{4C0CDA28-8C6A-4F14-B2C6-D1873DE66641}.Release|Any CPU.ActiveCfg = Release|Any CPU
		{4C0CDA28-8C6A-4F14-B2C6-D1873DE66641}.Release|Any CPU.Build.0 = Release|Any CPU
		{C708FB0D-E2E0-4BE4-BB64-4373E4A0C8AA}.Debug|Any CPU.ActiveCfg = Debug|Any CPU
		{C708FB0D-E2E0-4BE4-BB64-4373E4A0C8AA}.Debug|Any CPU.Build.0 = Debug|Any CPU
		{C708FB0D-E2E0-4BE4-BB64-4373E4A0C8AA}.Release|Any CPU.ActiveCfg = Release|Any CPU
		{C708FB0D-E2E0-4BE4-BB64-4373E4A0C8AA}.Release|Any CPU.Build.0 = Release|Any CPU
	EndGlobalSection
	GlobalSection(SolutionProperties) = preSolution
		HideSolutionNode = FALSE
	EndGlobalSection
	GlobalSection(NestedProjects) = preSolution
		{67DD16BD-E76B-475E-878C-7F54D9358730} = {4E977674-6919-4F15-A6E3-37BFAC18C7E5}
		{A4EBBB5F-A18D-46D2-9ADE-2B90BD48CEC8} = {4E977674-6919-4F15-A6E3-37BFAC18C7E5}
		{AD9F6DD1-5C76-45C9-9FF9-DAE37DB7B2D4} = {4E977674-6919-4F15-A6E3-37BFAC18C7E5}
		{F3768CCA-00C2-4280-9F8D-4585B5E214B1} = {4E977674-6919-4F15-A6E3-37BFAC18C7E5}
		{52414CCC-E080-4FBF-AA3B-7E0117AE3673} = {E1DDC21E-D21E-4B2C-8561-17F630EC8F36}
		{632BD477-03C9-4CC6-8840-6723DE75652E} = {E1DDC21E-D21E-4B2C-8561-17F630EC8F36}
		{C708FB0D-E2E0-4BE4-BB64-4373E4A0C8AA} = {4E977674-6919-4F15-A6E3-37BFAC18C7E5}
	EndGlobalSection
	GlobalSection(MonoDevelopProperties) = preSolution
		StartupItem = Pickles.CommandLine\Pickles.CommandLine.csproj
		Policies = $0
		$0.DotNetNamingPolicy = $1
		$1.DirectoryNamespaceAssociation = None
		$1.ResourceNamePolicy = FileFormatDefault
		$0.StandardHeader = $2
		$2.Text = @\n Copyright ${Year}  ${CopyrightHolder}\n\n   Licensed under the Apache License, Version 2.0 (the "License");\n   you may not use this file except in compliance with the License.\n   You may obtain a copy of the License at\n\n       http://www.apache.org/licenses/LICENSE-2.0\n\n   Unless required by applicable law or agreed to in writing, software\n   distributed under the License is distributed on an "AS IS" BASIS,\n   WITHOUT WARRANTIES OR CONDITIONS OF ANY KIND, either express or implied.\n   See the License for the specific language governing permissions and\n   limitations under the License.
		$2.IncludeInNewFiles = True
	EndGlobalSection
EndGlobal
