
Microsoft Visual Studio Solution File, Format Version 12.00
# Visual Studio 14
VisualStudioVersion = 14.0.24720.0
MinimumVisualStudioVersion = 10.0.40219.1
Project("{E24C65DC-7377-472B-9ABA-BC803B73C61A}") = "picklesdoc.github.com", ".", "{E199EF19-BB42-4C7F-BB47-3852E8F24A75}"
	ProjectSection(WebsiteProperties) = preProject
		TargetFrameworkMoniker = ".NETFramework,Version%3Dv4.0"
		Debug.AspNetCompiler.VirtualPath = "/localhost_61251"
		Debug.AspNetCompiler.PhysicalPath = "..\picklesdoc.github.com\"
		Debug.AspNetCompiler.TargetPath = "PrecompiledWeb\localhost_61251\"
		Debug.AspNetCompiler.Updateable = "true"
		Debug.AspNetCompiler.ForceOverwrite = "true"
		Debug.AspNetCompiler.FixedNames = "false"
		Debug.AspNetCompiler.Debug = "True"
		Release.AspNetCompiler.VirtualPath = "/localhost_61251"
		Release.AspNetCompiler.PhysicalPath = "..\picklesdoc.github.com\"
		Release.AspNetCompiler.TargetPath = "PrecompiledWeb\localhost_61251\"
		Release.AspNetCompiler.Updateable = "true"
		Release.AspNetCompiler.ForceOverwrite = "true"
		Release.AspNetCompiler.FixedNames = "false"
		Release.AspNetCompiler.Debug = "False"
		VWDPort = "61251"
		SlnRelativePath = "..\picklesdoc.github.com\"
	EndProjectSection
EndProject
Global
	GlobalSection(SolutionConfigurationPlatforms) = preSolution
		Debug|Any CPU = Debug|Any CPU
	EndGlobalSection
	GlobalSection(ProjectConfigurationPlatforms) = postSolution
		{E199EF19-BB42-4C7F-BB47-3852E8F24A75}.Debug|Any CPU.ActiveCfg = Debug|Any CPU
		{E199EF19-BB42-4C7F-BB47-3852E8F24A75}.Debug|Any CPU.Build.0 = Debug|Any CPU
	EndGlobalSection
	GlobalSection(SolutionProperties) = preSolution
		HideSolutionNode = FALSE
	EndGlobalSection
EndGlobal
